
Microsoft Visual Studio Solution File, Format Version 12.00
# Visual Studio Version 17
VisualStudioVersion = 17.7.34031.279
MinimumVisualStudioVersion = 10.0.40219.1
Project("{9A19103F-16F7-4668-BE54-9A1E7A4F7556}") = "BackendApi", "BackendApi\BackendApi.csproj", "{0B5C080B-4C16-4EC4-BAB8-B798A7606445}"
EndProject
Project("{9A19103F-16F7-4668-BE54-9A1E7A4F7556}") = "DataAccess", "DataAccess\DataAccess.csproj", "{0527C6F1-7824-4A49-AE6F-6AE8C3DBAACC}"
EndProject
Project("{9A19103F-16F7-4668-BE54-9A1E7A4F7556}") = "Domain", "Domain\Domain.csproj", "{DC29A201-C431-4BBD-8853-5825F00AF8FF}"
EndProject
Project("{9A19103F-16F7-4668-BE54-9A1E7A4F7556}") = "BusinessLogic", "BusinessLogic\BusinessLogic.csproj", "{DAC8F580-F4EB-4D7C-8828-769429111A64}"
EndProject
Project("{2150E333-8FDC-42A3-9474-1A3956D46DE8}") = "Элементы решения", "Элементы решения", "{8A72E705-494F-49DA-90F0-3FB100CE0C54}"
	ProjectSection(SolutionItems) = preProject
		.editorconfig = .editorconfig
	EndProjectSection
EndProject
Global
	GlobalSection(SolutionConfigurationPlatforms) = preSolution
		Debug|Any CPU = Debug|Any CPU
		Release|Any CPU = Release|Any CPU
	EndGlobalSection
	GlobalSection(ProjectConfigurationPlatforms) = postSolution
		{0B5C080B-4C16-4EC4-BAB8-B798A7606445}.Debug|Any CPU.ActiveCfg = Debug|Any CPU
		{0B5C080B-4C16-4EC4-BAB8-B798A7606445}.Debug|Any CPU.Build.0 = Debug|Any CPU
		{0B5C080B-4C16-4EC4-BAB8-B798A7606445}.Release|Any CPU.ActiveCfg = Release|Any CPU
		{0B5C080B-4C16-4EC4-BAB8-B798A7606445}.Release|Any CPU.Build.0 = Release|Any CPU
		{0527C6F1-7824-4A49-AE6F-6AE8C3DBAACC}.Debug|Any CPU.ActiveCfg = Debug|Any CPU
		{0527C6F1-7824-4A49-AE6F-6AE8C3DBAACC}.Debug|Any CPU.Build.0 = Debug|Any CPU
		{0527C6F1-7824-4A49-AE6F-6AE8C3DBAACC}.Release|Any CPU.ActiveCfg = Release|Any CPU
		{0527C6F1-7824-4A49-AE6F-6AE8C3DBAACC}.Release|Any CPU.Build.0 = Release|Any CPU
		{DC29A201-C431-4BBD-8853-5825F00AF8FF}.Debug|Any CPU.ActiveCfg = Debug|Any CPU
		{DC29A201-C431-4BBD-8853-5825F00AF8FF}.Debug|Any CPU.Build.0 = Debug|Any CPU
		{DC29A201-C431-4BBD-8853-5825F00AF8FF}.Release|Any CPU.ActiveCfg = Release|Any CPU
		{DC29A201-C431-4BBD-8853-5825F00AF8FF}.Release|Any CPU.Build.0 = Release|Any CPU
		{DAC8F580-F4EB-4D7C-8828-769429111A64}.Debug|Any CPU.ActiveCfg = Debug|Any CPU
		{DAC8F580-F4EB-4D7C-8828-769429111A64}.Debug|Any CPU.Build.0 = Debug|Any CPU
		{DAC8F580-F4EB-4D7C-8828-769429111A64}.Release|Any CPU.ActiveCfg = Release|Any CPU
		{DAC8F580-F4EB-4D7C-8828-769429111A64}.Release|Any CPU.Build.0 = Release|Any CPU
	EndGlobalSection
	GlobalSection(SolutionProperties) = preSolution
		HideSolutionNode = FALSE
	EndGlobalSection
	GlobalSection(ExtensibilityGlobals) = postSolution
		SolutionGuid = {887D34CC-7671-4268-A2B5-88035BCE4FDB}
	EndGlobalSection
EndGlobal
