
Microsoft Visual Studio Solution File, Format Version 12.00
# Visual Studio Version 18
VisualStudioVersion = 18.0.11123.170
MinimumVisualStudioVersion = 10.0.40219.1
Project("{9A19103F-16F7-4668-BE54-9A1E7A4F7556}") = "BackendApi", "BackendApi\BackendApi.csproj", "{0B5C080B-4C16-4EC4-BAB8-B798A7606445}"
EndProject
Project("{9A19103F-16F7-4668-BE54-9A1E7A4F7556}") = "DataAccess", "DataAccess\DataAccess.csproj", "{0527C6F1-7824-4A49-AE6F-6AE8C3DBAACC}"
EndProject
Project("{9A19103F-16F7-4668-BE54-9A1E7A4F7556}") = "Domain", "Domain\Domain.csproj", "{DC29A201-C431-4BBD-8853-5825F00AF8FF}"
EndProject
Project("{9A19103F-16F7-4668-BE54-9A1E7A4F7556}") = "BusinessLogic", "BusinessLogic\BusinessLogic.csproj", "{DAC8F580-F4EB-4D7C-8828-769429111A64}"
EndProject
Project("{2150E333-8FDC-42A3-9474-1A3956D46DE8}") = "Элементы решения", "Элементы решения", "{8A72E705-494F-49DA-90F0-3FB100CE0C54}"
	ProjectSection(SolutionItems) = preProject
		.editorconfig = .editorconfig
	EndProjectSection
EndProject
Project("{9A19103F-16F7-4668-BE54-9A1E7A4F7556}") = "BusinessLogic.Tests", "BusinessLogic.Tests\BusinessLogic.Tests.csproj", "{F42B0AC5-61DE-4438-B45C-6D89FDC4BAFC}"
EndProject
Project("{2150E333-8FDC-42A3-9474-1A3956D46DE8}") = "src", "src", "{DF8EDBF4-C5C5-4E64-AE77-B7DD147AD074}"
	ProjectSection(SolutionItems) = preProject
		Docker-compose.yml = Docker-compose.yml
		BackendApi\Dockerfile = BackendApi\Dockerfile
	EndProjectSection
EndProject
Project("{2150E333-8FDC-42A3-9474-1A3956D46DE8}") = "test", "test", "{9A524A3B-679A-4C9F-83B0-48A369E07837}"
EndProject
Project("{FAE04EC0-301F-11D3-BF4B-00C04F79EFBC}") = "BlazorClient", "BlazorClient\BlazorClient.csproj", "{E4CEB5BE-F496-4EF0-88B2-91A274A7E178}"
EndProject
Global
	GlobalSection(SolutionConfigurationPlatforms) = preSolution
		Debug|Any CPU = Debug|Any CPU
		Release|Any CPU = Release|Any CPU
	EndGlobalSection
	GlobalSection(ProjectConfigurationPlatforms) = postSolution
		{0B5C080B-4C16-4EC4-BAB8-B798A7606445}.Debug|Any CPU.ActiveCfg = Debug|Any CPU
		{0B5C080B-4C16-4EC4-BAB8-B798A7606445}.Debug|Any CPU.Build.0 = Debug|Any CPU
		{0B5C080B-4C16-4EC4-BAB8-B798A7606445}.Release|Any CPU.ActiveCfg = Release|Any CPU
		{0B5C080B-4C16-4EC4-BAB8-B798A7606445}.Release|Any CPU.Build.0 = Release|Any CPU
		{0527C6F1-7824-4A49-AE6F-6AE8C3DBAACC}.Debug|Any CPU.ActiveCfg = Debug|Any CPU
		{0527C6F1-7824-4A49-AE6F-6AE8C3DBAACC}.Debug|Any CPU.Build.0 = Debug|Any CPU
		{0527C6F1-7824-4A49-AE6F-6AE8C3DBAACC}.Release|Any CPU.ActiveCfg = Release|Any CPU
		{0527C6F1-7824-4A49-AE6F-6AE8C3DBAACC}.Release|Any CPU.Build.0 = Release|Any CPU
		{DC29A201-C431-4BBD-8853-5825F00AF8FF}.Debug|Any CPU.ActiveCfg = Debug|Any CPU
		{DC29A201-C431-4BBD-8853-5825F00AF8FF}.Debug|Any CPU.Build.0 = Debug|Any CPU
		{DC29A201-C431-4BBD-8853-5825F00AF8FF}.Release|Any CPU.ActiveCfg = Release|Any CPU
		{DC29A201-C431-4BBD-8853-5825F00AF8FF}.Release|Any CPU.Build.0 = Release|Any CPU
		{DAC8F580-F4EB-4D7C-8828-769429111A64}.Debug|Any CPU.ActiveCfg = Debug|Any CPU
		{DAC8F580-F4EB-4D7C-8828-769429111A64}.Debug|Any CPU.Build.0 = Debug|Any CPU
		{DAC8F580-F4EB-4D7C-8828-769429111A64}.Release|Any CPU.ActiveCfg = Release|Any CPU
		{DAC8F580-F4EB-4D7C-8828-769429111A64}.Release|Any CPU.Build.0 = Release|Any CPU
		{F42B0AC5-61DE-4438-B45C-6D89FDC4BAFC}.Debug|Any CPU.ActiveCfg = Debug|Any CPU
		{F42B0AC5-61DE-4438-B45C-6D89FDC4BAFC}.Debug|Any CPU.Build.0 = Debug|Any CPU
		{F42B0AC5-61DE-4438-B45C-6D89FDC4BAFC}.Release|Any CPU.ActiveCfg = Release|Any CPU
		{F42B0AC5-61DE-4438-B45C-6D89FDC4BAFC}.Release|Any CPU.Build.0 = Release|Any CPU
		{E4CEB5BE-F496-4EF0-88B2-91A274A7E178}.Debug|Any CPU.ActiveCfg = Debug|Any CPU
		{E4CEB5BE-F496-4EF0-88B2-91A274A7E178}.Debug|Any CPU.Build.0 = Debug|Any CPU
		{E4CEB5BE-F496-4EF0-88B2-91A274A7E178}.Release|Any CPU.ActiveCfg = Release|Any CPU
		{E4CEB5BE-F496-4EF0-88B2-91A274A7E178}.Release|Any CPU.Build.0 = Release|Any CPU
	EndGlobalSection
	GlobalSection(SolutionProperties) = preSolution
		HideSolutionNode = FALSE
	EndGlobalSection
	GlobalSection(NestedProjects) = preSolution
		{0B5C080B-4C16-4EC4-BAB8-B798A7606445} = {DF8EDBF4-C5C5-4E64-AE77-B7DD147AD074}
		{0527C6F1-7824-4A49-AE6F-6AE8C3DBAACC} = {DF8EDBF4-C5C5-4E64-AE77-B7DD147AD074}
		{DC29A201-C431-4BBD-8853-5825F00AF8FF} = {DF8EDBF4-C5C5-4E64-AE77-B7DD147AD074}
		{DAC8F580-F4EB-4D7C-8828-769429111A64} = {DF8EDBF4-C5C5-4E64-AE77-B7DD147AD074}
		{F42B0AC5-61DE-4438-B45C-6D89FDC4BAFC} = {9A524A3B-679A-4C9F-83B0-48A369E07837}
		{E4CEB5BE-F496-4EF0-88B2-91A274A7E178} = {DF8EDBF4-C5C5-4E64-AE77-B7DD147AD074}
	EndGlobalSection
	GlobalSection(ExtensibilityGlobals) = postSolution
		SolutionGuid = {887D34CC-7671-4268-A2B5-88035BCE4FDB}
	EndGlobalSection
EndGlobal
